
Microsoft Visual Studio Solution File, Format Version 12.00
# Visual Studio Version 17
VisualStudioVersion = 17.4.33110.190
MinimumVisualStudioVersion = 10.0.40219.1
Project("{9A19103F-16F7-4668-BE54-9A1E7A4F7556}") = "Events", "Events\Events.csproj", "{4E1FF01D-4D22-435A-88C0-9172A1B76E05}"
EndProject
Project("{FAE04EC0-301F-11D3-BF4B-00C04F79EFBC}") = "Task_2_WPF", "Task_2\Task_2_WPF.csproj", "{A81675FC-FB5C-4F77-ACA8-2E3253FEF892}"
EndProject
Global
	GlobalSection(SolutionConfigurationPlatforms) = preSolution
		Debug|Any CPU = Debug|Any CPU
		Release|Any CPU = Release|Any CPU
	EndGlobalSection
	GlobalSection(ProjectConfigurationPlatforms) = postSolution
		{4E1FF01D-4D22-435A-88C0-9172A1B76E05}.Debug|Any CPU.ActiveCfg = Debug|Any CPU
		{4E1FF01D-4D22-435A-88C0-9172A1B76E05}.Debug|Any CPU.Build.0 = Debug|Any CPU
		{4E1FF01D-4D22-435A-88C0-9172A1B76E05}.Release|Any CPU.ActiveCfg = Release|Any CPU
		{4E1FF01D-4D22-435A-88C0-9172A1B76E05}.Release|Any CPU.Build.0 = Release|Any CPU
		{A81675FC-FB5C-4F77-ACA8-2E3253FEF892}.Debug|Any CPU.ActiveCfg = Debug|Any CPU
		{A81675FC-FB5C-4F77-ACA8-2E3253FEF892}.Debug|Any CPU.Build.0 = Debug|Any CPU
		{A81675FC-FB5C-4F77-ACA8-2E3253FEF892}.Release|Any CPU.ActiveCfg = Release|Any CPU
		{A81675FC-FB5C-4F77-ACA8-2E3253FEF892}.Release|Any CPU.Build.0 = Release|Any CPU
	EndGlobalSection
	GlobalSection(SolutionProperties) = preSolution
		HideSolutionNode = FALSE
	EndGlobalSection
	GlobalSection(ExtensibilityGlobals) = postSolution
		SolutionGuid = {52811B29-8073-49F7-9AC4-A9DECF7E4B79}
	EndGlobalSection
EndGlobal
